// !$*UTF8*$!
{
	archiveVersion = 1;
	classes = {
	};
	objectVersion = 46;
	objects = {

/* Begin PBXBuildFile section */
		E6E3D5CA1CFF6B9300ABB481 /* main.m in Sources */ = {isa = PBXBuildFile; fileRef = E6E3D5C91CFF6B9300ABB481 /* main.m */; };
		E6E3D5CD1CFF6B9300ABB481 /* AppDelegate.m in Sources */ = {isa = PBXBuildFile; fileRef = E6E3D5CC1CFF6B9300ABB481 /* AppDelegate.m */; };
		E6E3D5D01CFF6B9300ABB481 /* ViewController.m in Sources */ = {isa = PBXBuildFile; fileRef = E6E3D5CF1CFF6B9300ABB481 /* ViewController.m */; };
		E6E3D5D31CFF6B9300ABB481 /* Main.storyboard in Resources */ = {isa = PBXBuildFile; fileRef = E6E3D5D11CFF6B9300ABB481 /* Main.storyboard */; };
		E6E3D5D51CFF6B9300ABB481 /* Assets.xcassets in Resources */ = {isa = PBXBuildFile; fileRef = E6E3D5D41CFF6B9300ABB481 /* Assets.xcassets */; };
		E6E3D5D81CFF6B9300ABB481 /* LaunchScreen.storyboard in Resources */ = {isa = PBXBuildFile; fileRef = E6E3D5D61CFF6B9300ABB481 /* LaunchScreen.storyboard */; };
		E6E3D5E11CFF6C9400ABB481 /* MagicalCreature.m in Sources */ = {isa = PBXBuildFile; fileRef = E6E3D5E01CFF6C9400ABB481 /* MagicalCreature.m */; };
		F9EC68361CFF7702001636C1 /* CreatureViewController.m in Sources */ = {isa = PBXBuildFile; fileRef = F9EC68351CFF7702001636C1 /* CreatureViewController.m */; };
/* End PBXBuildFile section */

/* Begin PBXFileReference section */
		E6E3D5C51CFF6B9300ABB481 /* MCMS.app */ = {isa = PBXFileReference; explicitFileType = wrapper.application; includeInIndex = 0; path = MCMS.app; sourceTree = BUILT_PRODUCTS_DIR; };
		E6E3D5C91CFF6B9300ABB481 /* main.m */ = {isa = PBXFileReference; lastKnownFileType = sourcecode.c.objc; path = main.m; sourceTree = "<group>"; };
		E6E3D5CB1CFF6B9300ABB481 /* AppDelegate.h */ = {isa = PBXFileReference; lastKnownFileType = sourcecode.c.h; path = AppDelegate.h; sourceTree = "<group>"; };
		E6E3D5CC1CFF6B9300ABB481 /* AppDelegate.m */ = {isa = PBXFileReference; lastKnownFileType = sourcecode.c.objc; path = AppDelegate.m; sourceTree = "<group>"; };
		E6E3D5CE1CFF6B9300ABB481 /* ViewController.h */ = {isa = PBXFileReference; lastKnownFileType = sourcecode.c.h; path = ViewController.h; sourceTree = "<group>"; };
		E6E3D5CF1CFF6B9300ABB481 /* ViewController.m */ = {isa = PBXFileReference; lastKnownFileType = sourcecode.c.objc; path = ViewController.m; sourceTree = "<group>"; };
		E6E3D5D21CFF6B9300ABB481 /* Base */ = {isa = PBXFileReference; lastKnownFileType = file.storyboard; name = Base; path = Base.lproj/Main.storyboard; sourceTree = "<group>"; };
		E6E3D5D41CFF6B9300ABB481 /* Assets.xcassets */ = {isa = PBXFileReference; lastKnownFileType = folder.assetcatalog; path = Assets.xcassets; sourceTree = "<group>"; };
		E6E3D5D71CFF6B9300ABB481 /* Base */ = {isa = PBXFileReference; lastKnownFileType = file.storyboard; name = Base; path = Base.lproj/LaunchScreen.storyboard; sourceTree = "<group>"; };
		E6E3D5D91CFF6B9300ABB481 /* Info.plist */ = {isa = PBXFileReference; lastKnownFileType = text.plist.xml; path = Info.plist; sourceTree = "<group>"; };
		E6E3D5DF1CFF6C9400ABB481 /* MagicalCreature.h */ = {isa = PBXFileReference; fileEncoding = 4; lastKnownFileType = sourcecode.c.h; name = MagicalCreature.h; path = ../MagicalCreature.h; sourceTree = "<group>"; };
		E6E3D5E01CFF6C9400ABB481 /* MagicalCreature.m */ = {isa = PBXFileReference; fileEncoding = 4; lastKnownFileType = sourcecode.c.objc; name = MagicalCreature.m; path = ../MagicalCreature.m; sourceTree = "<group>"; };
		F9EC68341CFF7702001636C1 /* CreatureViewController.h */ = {isa = PBXFileReference; fileEncoding = 4; lastKnownFileType = sourcecode.c.h; path = CreatureViewController.h; sourceTree = "<group>"; };
		F9EC68351CFF7702001636C1 /* CreatureViewController.m */ = {isa = PBXFileReference; fileEncoding = 4; lastKnownFileType = sourcecode.c.objc; path = CreatureViewController.m; sourceTree = "<group>"; };
/* End PBXFileReference section */

/* Begin PBXFrameworksBuildPhase section */
		E6E3D5C21CFF6B9300ABB481 /* Frameworks */ = {
			isa = PBXFrameworksBuildPhase;
			buildActionMask = 2147483647;
			files = (
			);
			runOnlyForDeploymentPostprocessing = 0;
		};
/* End PBXFrameworksBuildPhase section */

/* Begin PBXGroup section */
		E6E3D5BC1CFF6B9300ABB481 = {
			isa = PBXGroup;
			children = (
				E6E3D5C71CFF6B9300ABB481 /* MCMS */,
				E6E3D5C61CFF6B9300ABB481 /* Products */,
			);
			sourceTree = "<group>";
		};
		E6E3D5C61CFF6B9300ABB481 /* Products */ = {
			isa = PBXGroup;
			children = (
				E6E3D5C51CFF6B9300ABB481 /* MCMS.app */,
			);
			name = Products;
			sourceTree = "<group>";
		};
		E6E3D5C71CFF6B9300ABB481 /* MCMS */ = {
			isa = PBXGroup;
			children = (
				E6E3D5CB1CFF6B9300ABB481 /* AppDelegate.h */,
				E6E3D5CC1CFF6B9300ABB481 /* AppDelegate.m */,
				E6E3D5DF1CFF6C9400ABB481 /* MagicalCreature.h */,
				E6E3D5E01CFF6C9400ABB481 /* MagicalCreature.m */,
				F9EC68341CFF7702001636C1 /* CreatureViewController.h */,
				F9EC68351CFF7702001636C1 /* CreatureViewController.m */,
				E6E3D5CE1CFF6B9300ABB481 /* ViewController.h */,
				E6E3D5CF1CFF6B9300ABB481 /* ViewController.m */,
				E6E3D5D11CFF6B9300ABB481 /* Main.storyboard */,
				E6E3D5D41CFF6B9300ABB481 /* Assets.xcassets */,
				E6E3D5D61CFF6B9300ABB481 /* LaunchScreen.storyboard */,
				E6E3D5D91CFF6B9300ABB481 /* Info.plist */,
				E6E3D5C81CFF6B9300ABB481 /* Supporting Files */,
			);
			path = MCMS;
			sourceTree = "<group>";
		};
		E6E3D5C81CFF6B9300ABB481 /* Supporting Files */ = {
			isa = PBXGroup;
			children = (
				E6E3D5C91CFF6B9300ABB481 /* main.m */,
			);
			name = "Supporting Files";
			sourceTree = "<group>";
		};
/* End PBXGroup section */

/* Begin PBXNativeTarget section */
		E6E3D5C41CFF6B9300ABB481 /* MCMS */ = {
			isa = PBXNativeTarget;
			buildConfigurationList = E6E3D5DC1CFF6B9300ABB481 /* Build configuration list for PBXNativeTarget "MCMS" */;
			buildPhases = (
				E6E3D5C11CFF6B9300ABB481 /* Sources */,
				E6E3D5C21CFF6B9300ABB481 /* Frameworks */,
				E6E3D5C31CFF6B9300ABB481 /* Resources */,
			);
			buildRules = (
			);
			dependencies = (
			);
			name = MCMS;
			productName = MCMS;
			productReference = E6E3D5C51CFF6B9300ABB481 /* MCMS.app */;
			productType = "com.apple.product-type.application";
		};
/* End PBXNativeTarget section */

/* Begin PBXProject section */
		E6E3D5BD1CFF6B9300ABB481 /* Project object */ = {
			isa = PBXProject;
			attributes = {
				LastUpgradeCheck = 0730;
				ORGANIZATIONNAME = "Paul Lefebvre";
				TargetAttributes = {
					E6E3D5C41CFF6B9300ABB481 = {
						CreatedOnToolsVersion = 7.3.1;
					};
				};
			};
			buildConfigurationList = E6E3D5C01CFF6B9300ABB481 /* Build configuration list for PBXProject "MCMS" */;
			compatibilityVersion = "Xcode 3.2";
			developmentRegion = English;
			hasScannedForEncodings = 0;
			knownRegions = (
				en,
				Base,
			);
			mainGroup = E6E3D5BC1CFF6B9300ABB481;
			productRefGroup = E6E3D5C61CFF6B9300ABB481 /* Products */;
			projectDirPath = "";
			projectRoot = "";
			targets = (
				E6E3D5C41CFF6B9300ABB481 /* MCMS */,
			);
		};
/* End PBXProject section */

/* Begin PBXResourcesBuildPhase section */
		E6E3D5C31CFF6B9300ABB481 /* Resources */ = {
			isa = PBXResourcesBuildPhase;
			buildActionMask = 2147483647;
			files = (
				E6E3D5D81CFF6B9300ABB481 /* LaunchScreen.storyboard in Resources */,
				E6E3D5D51CFF6B9300ABB481 /* Assets.xcassets in Resources */,
				E6E3D5D31CFF6B9300ABB481 /* Main.storyboard in Resources */,
			);
			runOnlyForDeploymentPostprocessing = 0;
		};
/* End PBXResourcesBuildPhase section */

/* Begin PBXSourcesBuildPhase section */
		E6E3D5C11CFF6B9300ABB481 /* Sources */ = {
			isa = PBXSourcesBuildPhase;
			buildActionMask = 2147483647;
			files = (
				E6E3D5D01CFF6B9300ABB481 /* ViewController.m in Sources */,
				E6E3D5E11CFF6C9400ABB481 /* MagicalCreature.m in Sources */,
				E6E3D5CD1CFF6B9300ABB481 /* AppDelegate.m in Sources */,
				F9EC68361CFF7702001636C1 /* CreatureViewController.m in Sources */,
				E6E3D5CA1CFF6B9300ABB481 /* main.m in Sources */,
			);
			runOnlyForDeploymentPostprocessing = 0;
		};
/* End PBXSourcesBuildPhase section */

/* Begin PBXVariantGroup section */
		E6E3D5D11CFF6B9300ABB481 /* Main.storyboard */ = {
			isa = PBXVariantGroup;
			children = (
				E6E3D5D21CFF6B9300ABB481 /* Base */,
			);
			name = Main.storyboard;
			sourceTree = "<group>";
		};
		E6E3D5D61CFF6B9300ABB481 /* LaunchScreen.storyboard */ = {
			isa = PBXVariantGroup;
			children = (
				E6E3D5D71CFF6B9300ABB481 /* Base */,
			);
			name = LaunchScreen.storyboard;
			sourceTree = "<group>";
		};
/* End PBXVariantGroup section */

/* Begin XCBuildConfiguration section */
		E6E3D5DA1CFF6B9300ABB481 /* Debug */ = {
			isa = XCBuildConfiguration;
			buildSettings = {
				ALWAYS_SEARCH_USER_PATHS = NO;
				CLANG_ANALYZER_NONNULL = YES;
				CLANG_CXX_LANGUAGE_STANDARD = "gnu++0x";
				CLANG_CXX_LIBRARY = "libc++";
				CLANG_ENABLE_MODULES = YES;
				CLANG_ENABLE_OBJC_ARC = YES;
				CLANG_WARN_BOOL_CONVERSION = YES;
				CLANG_WARN_CONSTANT_CONVERSION = YES;
				CLANG_WARN_DIRECT_OBJC_ISA_USAGE = YES_ERROR;
				CLANG_WARN_EMPTY_BODY = YES;
				CLANG_WARN_ENUM_CONVERSION = YES;
				CLANG_WARN_INT_CONVERSION = YES;
				CLANG_WARN_OBJC_ROOT_CLASS = YES_ERROR;
				CLANG_WARN_UNREACHABLE_CODE = YES;
				CLANG_WARN__DUPLICATE_METHOD_MATCH = YES;
				"CODE_SIGN_IDENTITY[sdk=iphoneos*]" = "iPhone Developer";
				COPY_PHASE_STRIP = NO;
				DEBUG_INFORMATION_FORMAT = dwarf;
				ENABLE_STRICT_OBJC_MSGSEND = YES;
				ENABLE_TESTABILITY = YES;
				GCC_C_LANGUAGE_STANDARD = gnu99;
				GCC_DYNAMIC_NO_PIC = NO;
				GCC_NO_COMMON_BLOCKS = YES;
				GCC_OPTIMIZATION_LEVEL = 0;
				GCC_PREPROCESSOR_DEFINITIONS = (
					"DEBUG=1",
					"$(inherited)",
				);
				GCC_WARN_64_TO_32_BIT_CONVERSION = YES;
				GCC_WARN_ABOUT_RETURN_TYPE = YES_ERROR;
				GCC_WARN_UNDECLARED_SELECTOR = YES;
				GCC_WARN_UNINITIALIZED_AUTOS = YES_AGGRESSIVE;
				GCC_WARN_UNUSED_FUNCTION = YES;
				GCC_WARN_UNUSED_VARIABLE = YES;
				IPHONEOS_DEPLOYMENT_TARGET = 9.3;
				MTL_ENABLE_DEBUG_INFO = YES;
				ONLY_ACTIVE_ARCH = YES;
				SDKROOT = iphoneos;
			};
			name = Debug;
		};
		E6E3D5DB1CFF6B9300ABB481 /* Release */ = {
			isa = XCBuildConfiguration;
			buildSettings = {
				ALWAYS_SEARCH_USER_PATHS = NO;
				CLANG_ANALYZER_NONNULL = YES;
				CLANG_CXX_LANGUAGE_STANDARD = "gnu++0x";
				CLANG_CXX_LIBRARY = "libc++";
				CLANG_ENABLE_MODULES = YES;
				CLANG_ENABLE_OBJC_ARC = YES;
				CLANG_WARN_BOOL_CONVERSION = YES;
				CLANG_WARN_CONSTANT_CONVERSION = YES;
				CLANG_WARN_DIRECT_OBJC_ISA_USAGE = YES_ERROR;
				CLANG_WARN_EMPTY_BODY = YES;
				CLANG_WARN_ENUM_CONVERSION = YES;
				CLANG_WARN_INT_CONVERSION = YES;
				CLANG_WARN_OBJC_ROOT_CLASS = YES_ERROR;
				CLANG_WARN_UNREACHABLE_CODE = YES;
				CLANG_WARN__DUPLICATE_METHOD_MATCH = YES;
				"CODE_SIGN_IDENTITY[sdk=iphoneos*]" = "iPhone Developer";
				COPY_PHASE_STRIP = NO;
				DEBUG_INFORMATION_FORMAT = "dwarf-with-dsym";
				ENABLE_NS_ASSERTIONS = NO;
				ENABLE_STRICT_OBJC_MSGSEND = YES;
				GCC_C_LANGUAGE_STANDARD = gnu99;
				GCC_NO_COMMON_BLOCKS = YES;
				GCC_WARN_64_TO_32_BIT_CONVERSION = YES;
				GCC_WARN_ABOUT_RETURN_TYPE = YES_ERROR;
				GCC_WARN_UNDECLARED_SELECTOR = YES;
				GCC_WARN_UNINITIALIZED_AUTOS = YES_AGGRESSIVE;
				GCC_WARN_UNUSED_FUNCTION = YES;
				GCC_WARN_UNUSED_VARIABLE = YES;
				IPHONEOS_DEPLOYMENT_TARGET = 9.3;
				MTL_ENABLE_DEBUG_INFO = NO;
				SDKROOT = iphoneos;
				VALIDATE_PRODUCT = YES;
			};
			name = Release;
		};
		E6E3D5DD1CFF6B9300ABB481 /* Debug */ = {
			isa = XCBuildConfiguration;
			buildSettings = {
				ASSETCATALOG_COMPILER_APPICON_NAME = AppIcon;
				INFOPLIST_FILE = MCMS/Info.plist;
				LD_RUNPATH_SEARCH_PATHS = "$(inherited) @executable_path/Frameworks";
				PRODUCT_BUNDLE_IDENTIFIER = mobilemakers.MCMS;
				PRODUCT_NAME = "$(TARGET_NAME)";
			};
			name = Debug;
		};
		E6E3D5DE1CFF6B9300ABB481 /* Release */ = {
			isa = XCBuildConfiguration;
			buildSettings = {
				ASSETCATALOG_COMPILER_APPICON_NAME = AppIcon;
				INFOPLIST_FILE = MCMS/Info.plist;
				LD_RUNPATH_SEARCH_PATHS = "$(inherited) @executable_path/Frameworks";
				PRODUCT_BUNDLE_IDENTIFIER = mobilemakers.MCMS;
				PRODUCT_NAME = "$(TARGET_NAME)";
			};
			name = Release;
		};
/* End XCBuildConfiguration section */

/* Begin XCConfigurationList section */
		E6E3D5C01CFF6B9300ABB481 /* Build configuration list for PBXProject "MCMS" */ = {
			isa = XCConfigurationList;
			buildConfigurations = (
				E6E3D5DA1CFF6B9300ABB481 /* Debug */,
				E6E3D5DB1CFF6B9300ABB481 /* Release */,
			);
			defaultConfigurationIsVisible = 0;
			defaultConfigurationName = Release;
		};
		E6E3D5DC1CFF6B9300ABB481 /* Build configuration list for PBXNativeTarget "MCMS" */ = {
			isa = XCConfigurationList;
			buildConfigurations = (
				E6E3D5DD1CFF6B9300ABB481 /* Debug */,
				E6E3D5DE1CFF6B9300ABB481 /* Release */,
			);
			defaultConfigurationIsVisible = 0;
			defaultConfigurationName = Release;
		};
/* End XCConfigurationList section */
	};
	rootObject = E6E3D5BD1CFF6B9300ABB481 /* Project object */;
}
